// !$*UTF8*$!
{
	archiveVersion = 1;
	classes = {
	};
	objectVersion = 50;
	objects = {

/* Begin PBXBuildFile section */
		B3A2887B2270798F00CA1DBE /* AboutMeTabVC.swift in Sources */ = {isa = PBXBuildFile; fileRef = B3A2887A2270798F00CA1DBE /* AboutMeTabVC.swift */; };
		B3A2887D22707DDD00CA1DBE /* ForgotVC.swift in Sources */ = {isa = PBXBuildFile; fileRef = B3A2887C22707DDD00CA1DBE /* ForgotVC.swift */; };
		B3A288802270CCFB00CA1DBE /* SkillsTabVC.swift in Sources */ = {isa = PBXBuildFile; fileRef = B3A2887F2270CCFB00CA1DBE /* SkillsTabVC.swift */; };
		B3A288822270CFE400CA1DBE /* InterestsTabVC.swift in Sources */ = {isa = PBXBuildFile; fileRef = B3A288812270CFE400CA1DBE /* InterestsTabVC.swift */; };
		B3C42E3A22704D7000025CDA /* AppDelegate.swift in Sources */ = {isa = PBXBuildFile; fileRef = B3C42E3922704D7000025CDA /* AppDelegate.swift */; };
		B3C42E3C22704D7000025CDA /* LoginVC.swift in Sources */ = {isa = PBXBuildFile; fileRef = B3C42E3B22704D7000025CDA /* LoginVC.swift */; };
		B3C42E3F22704D7000025CDA /* Main.storyboard in Resources */ = {isa = PBXBuildFile; fileRef = B3C42E3D22704D7000025CDA /* Main.storyboard */; };
		B3C42E4122704D7100025CDA /* Assets.xcassets in Resources */ = {isa = PBXBuildFile; fileRef = B3C42E4022704D7100025CDA /* Assets.xcassets */; };
		B3C42E4422704D7100025CDA /* LaunchScreen.storyboard in Resources */ = {isa = PBXBuildFile; fileRef = B3C42E4222704D7100025CDA /* LaunchScreen.storyboard */; };
/* End PBXBuildFile section */

/* Begin PBXFileReference section */
		B3A2887A2270798F00CA1DBE /* AboutMeTabVC.swift */ = {isa = PBXFileReference; lastKnownFileType = sourcecode.swift; path = AboutMeTabVC.swift; sourceTree = "<group>"; };
		B3A2887C22707DDD00CA1DBE /* ForgotVC.swift */ = {isa = PBXFileReference; lastKnownFileType = sourcecode.swift; path = ForgotVC.swift; sourceTree = "<group>"; };
		B3A2887F2270CCFB00CA1DBE /* SkillsTabVC.swift */ = {isa = PBXFileReference; lastKnownFileType = sourcecode.swift; path = SkillsTabVC.swift; sourceTree = "<group>"; };
		B3A288812270CFE400CA1DBE /* InterestsTabVC.swift */ = {isa = PBXFileReference; lastKnownFileType = sourcecode.swift; path = InterestsTabVC.swift; sourceTree = "<group>"; };
		B3C42E3622704D7000025CDA /* myCV.app */ = {isa = PBXFileReference; explicitFileType = wrapper.application; includeInIndex = 0; path = myCV.app; sourceTree = BUILT_PRODUCTS_DIR; };
		B3C42E3922704D7000025CDA /* AppDelegate.swift */ = {isa = PBXFileReference; lastKnownFileType = sourcecode.swift; path = AppDelegate.swift; sourceTree = "<group>"; };
		B3C42E3B22704D7000025CDA /* LoginVC.swift */ = {isa = PBXFileReference; lastKnownFileType = sourcecode.swift; path = LoginVC.swift; sourceTree = "<group>"; };
		B3C42E3E22704D7000025CDA /* Base */ = {isa = PBXFileReference; lastKnownFileType = file.storyboard; name = Base; path = Base.lproj/Main.storyboard; sourceTree = "<group>"; };
		B3C42E4022704D7100025CDA /* Assets.xcassets */ = {isa = PBXFileReference; lastKnownFileType = folder.assetcatalog; path = Assets.xcassets; sourceTree = "<group>"; };
		B3C42E4322704D7100025CDA /* Base */ = {isa = PBXFileReference; lastKnownFileType = file.storyboard; name = Base; path = Base.lproj/LaunchScreen.storyboard; sourceTree = "<group>"; };
		B3C42E4522704D7100025CDA /* Info.plist */ = {isa = PBXFileReference; lastKnownFileType = text.plist.xml; path = Info.plist; sourceTree = "<group>"; };
/* End PBXFileReference section */

/* Begin PBXFrameworksBuildPhase section */
		B3C42E3322704D7000025CDA /* Frameworks */ = {
			isa = PBXFrameworksBuildPhase;
			buildActionMask = 2147483647;
			files = (
			);
			runOnlyForDeploymentPostprocessing = 0;
		};
/* End PBXFrameworksBuildPhase section */

/* Begin PBXGroup section */
		B3A2887E2270C57500CA1DBE /* View Controllers */ = {
			isa = PBXGroup;
			children = (
				B3C42E3B22704D7000025CDA /* LoginVC.swift */,
				B3A2887C22707DDD00CA1DBE /* ForgotVC.swift */,
				B3A2887A2270798F00CA1DBE /* AboutMeTabVC.swift */,
				B3A2887F2270CCFB00CA1DBE /* SkillsTabVC.swift */,
				B3A288812270CFE400CA1DBE /* InterestsTabVC.swift */,
			);
			path = "View Controllers";
			sourceTree = "<group>";
		};
		B3C42E2D22704D7000025CDA = {
			isa = PBXGroup;
			children = (
				B3C42E3822704D7000025CDA /* myCV */,
				B3C42E3722704D7000025CDA /* Products */,
			);
			sourceTree = "<group>";
		};
		B3C42E3722704D7000025CDA /* Products */ = {
			isa = PBXGroup;
			children = (
				B3C42E3622704D7000025CDA /* myCV.app */,
			);
			name = Products;
			sourceTree = "<group>";
		};
		B3C42E3822704D7000025CDA /* myCV */ = {
			isa = PBXGroup;
			children = (
				B3A2887E2270C57500CA1DBE /* View Controllers */,
				B3C42E3922704D7000025CDA /* AppDelegate.swift */,
				B3C42E3D22704D7000025CDA /* Main.storyboard */,
				B3C42E4022704D7100025CDA /* Assets.xcassets */,
				B3C42E4222704D7100025CDA /* LaunchScreen.storyboard */,
				B3C42E4522704D7100025CDA /* Info.plist */,
			);
			path = myCV;
			sourceTree = "<group>";
		};
/* End PBXGroup section */

/* Begin PBXNativeTarget section */
		B3C42E3522704D7000025CDA /* myCV */ = {
			isa = PBXNativeTarget;
			buildConfigurationList = B3C42E4822704D7100025CDA /* Build configuration list for PBXNativeTarget "myCV" */;
			buildPhases = (
				B3C42E3222704D7000025CDA /* Sources */,
				B3C42E3322704D7000025CDA /* Frameworks */,
				B3C42E3422704D7000025CDA /* Resources */,
			);
			buildRules = (
			);
			dependencies = (
			);
			name = myCV;
			productName = myCV;
			productReference = B3C42E3622704D7000025CDA /* myCV.app */;
			productType = "com.apple.product-type.application";
		};
/* End PBXNativeTarget section */

/* Begin PBXProject section */
		B3C42E2E22704D7000025CDA /* Project object */ = {
			isa = PBXProject;
			attributes = {
				LastSwiftUpdateCheck = 1020;
				LastUpgradeCheck = 1020;
				ORGANIZATIONNAME = "Mikhail Medvedev";
				TargetAttributes = {
					B3C42E3522704D7000025CDA = {
						CreatedOnToolsVersion = 10.2.1;
					};
				};
			};
			buildConfigurationList = B3C42E3122704D7000025CDA /* Build configuration list for PBXProject "myCV" */;
			compatibilityVersion = "Xcode 9.3";
			developmentRegion = en;
			hasScannedForEncodings = 0;
			knownRegions = (
				en,
				Base,
			);
			mainGroup = B3C42E2D22704D7000025CDA;
			productRefGroup = B3C42E3722704D7000025CDA /* Products */;
			projectDirPath = "";
			projectRoot = "";
			targets = (
				B3C42E3522704D7000025CDA /* myCV */,
			);
		};
/* End PBXProject section */

/* Begin PBXResourcesBuildPhase section */
		B3C42E3422704D7000025CDA /* Resources */ = {
			isa = PBXResourcesBuildPhase;
			buildActionMask = 2147483647;
			files = (
				B3C42E4422704D7100025CDA /* LaunchScreen.storyboard in Resources */,
				B3C42E4122704D7100025CDA /* Assets.xcassets in Resources */,
				B3C42E3F22704D7000025CDA /* Main.storyboard in Resources */,
			);
			runOnlyForDeploymentPostprocessing = 0;
		};
/* End PBXResourcesBuildPhase section */

/* Begin PBXSourcesBuildPhase section */
		B3C42E3222704D7000025CDA /* Sources */ = {
			isa = PBXSourcesBuildPhase;
			buildActionMask = 2147483647;
			files = (
				B3A288822270CFE400CA1DBE /* InterestsTabVC.swift in Sources */,
				B3C42E3C22704D7000025CDA /* LoginVC.swift in Sources */,
				B3A2887B2270798F00CA1DBE /* AboutMeTabVC.swift in Sources */,
				B3C42E3A22704D7000025CDA /* AppDelegate.swift in Sources */,
				B3A288802270CCFB00CA1DBE /* SkillsTabVC.swift in Sources */,
				B3A2887D22707DDD00CA1DBE /* ForgotVC.swift in Sources */,
			);
			runOnlyForDeploymentPostprocessing = 0;
		};
/* End PBXSourcesBuildPhase section */

/* Begin PBXVariantGroup section */
		B3C42E3D22704D7000025CDA /* Main.storyboard */ = {
			isa = PBXVariantGroup;
			children = (
				B3C42E3E22704D7000025CDA /* Base */,
			);
			name = Main.storyboard;
			sourceTree = "<group>";
		};
		B3C42E4222704D7100025CDA /* LaunchScreen.storyboard */ = {
			isa = PBXVariantGroup;
			children = (
				B3C42E4322704D7100025CDA /* Base */,
			);
			name = LaunchScreen.storyboard;
			sourceTree = "<group>";
		};
/* End PBXVariantGroup section */

/* Begin XCBuildConfiguration section */
		B3C42E4622704D7100025CDA /* Debug */ = {
			isa = XCBuildConfiguration;
			buildSettings = {
				ALWAYS_SEARCH_USER_PATHS = NO;
				CLANG_ANALYZER_NONNULL = YES;
				CLANG_ANALYZER_NUMBER_OBJECT_CONVERSION = YES_AGGRESSIVE;
				CLANG_CXX_LANGUAGE_STANDARD = "gnu++14";
				CLANG_CXX_LIBRARY = "libc++";
				CLANG_ENABLE_MODULES = YES;
				CLANG_ENABLE_OBJC_ARC = YES;
				CLANG_ENABLE_OBJC_WEAK = YES;
				CLANG_WARN_BLOCK_CAPTURE_AUTORELEASING = YES;
				CLANG_WARN_BOOL_CONVERSION = YES;
				CLANG_WARN_COMMA = YES;
				CLANG_WARN_CONSTANT_CONVERSION = YES;
				CLANG_WARN_DEPRECATED_OBJC_IMPLEMENTATIONS = YES;
				CLANG_WARN_DIRECT_OBJC_ISA_USAGE = YES_ERROR;
				CLANG_WARN_DOCUMENTATION_COMMENTS = YES;
				CLANG_WARN_EMPTY_BODY = YES;
				CLANG_WARN_ENUM_CONVERSION = YES;
				CLANG_WARN_INFINITE_RECURSION = YES;
				CLANG_WARN_INT_CONVERSION = YES;
				CLANG_WARN_NON_LITERAL_NULL_CONVERSION = YES;
				CLANG_WARN_OBJC_IMPLICIT_RETAIN_SELF = YES;
				CLANG_WARN_OBJC_LITERAL_CONVERSION = YES;
				CLANG_WARN_OBJC_ROOT_CLASS = YES_ERROR;
				CLANG_WARN_RANGE_LOOP_ANALYSIS = YES;
				CLANG_WARN_STRICT_PROTOTYPES = YES;
				CLANG_WARN_SUSPICIOUS_MOVE = YES;
				CLANG_WARN_UNGUARDED_AVAILABILITY = YES_AGGRESSIVE;
				CLANG_WARN_UNREACHABLE_CODE = YES;
				CLANG_WARN__DUPLICATE_METHOD_MATCH = YES;
				CODE_SIGN_IDENTITY = "iPhone Developer";
				COPY_PHASE_STRIP = NO;
				DEBUG_INFORMATION_FORMAT = dwarf;
				ENABLE_STRICT_OBJC_MSGSEND = YES;
				ENABLE_TESTABILITY = YES;
				GCC_C_LANGUAGE_STANDARD = gnu11;
				GCC_DYNAMIC_NO_PIC = NO;
				GCC_NO_COMMON_BLOCKS = YES;
				GCC_OPTIMIZATION_LEVEL = 0;
				GCC_PREPROCESSOR_DEFINITIONS = (
					"DEBUG=1",
					"$(inherited)",
				);
				GCC_WARN_64_TO_32_BIT_CONVERSION = YES;
				GCC_WARN_ABOUT_RETURN_TYPE = YES_ERROR;
				GCC_WARN_UNDECLARED_SELECTOR = YES;
				GCC_WARN_UNINITIALIZED_AUTOS = YES_AGGRESSIVE;
				GCC_WARN_UNUSED_FUNCTION = YES;
				GCC_WARN_UNUSED_VARIABLE = YES;
				IPHONEOS_DEPLOYMENT_TARGET = 12.2;
				MTL_ENABLE_DEBUG_INFO = INCLUDE_SOURCE;
				MTL_FAST_MATH = YES;
				ONLY_ACTIVE_ARCH = YES;
				SDKROOT = iphoneos;
				SWIFT_ACTIVE_COMPILATION_CONDITIONS = DEBUG;
				SWIFT_OPTIMIZATION_LEVEL = "-Onone";
			};
			name = Debug;
		};
		B3C42E4722704D7100025CDA /* Release */ = {
			isa = XCBuildConfiguration;
			buildSettings = {
				ALWAYS_SEARCH_USER_PATHS = NO;
				CLANG_ANALYZER_NONNULL = YES;
				CLANG_ANALYZER_NUMBER_OBJECT_CONVERSION = YES_AGGRESSIVE;
				CLANG_CXX_LANGUAGE_STANDARD = "gnu++14";
				CLANG_CXX_LIBRARY = "libc++";
				CLANG_ENABLE_MODULES = YES;
				CLANG_ENABLE_OBJC_ARC = YES;
				CLANG_ENABLE_OBJC_WEAK = YES;
				CLANG_WARN_BLOCK_CAPTURE_AUTORELEASING = YES;
				CLANG_WARN_BOOL_CONVERSION = YES;
				CLANG_WARN_COMMA = YES;
				CLANG_WARN_CONSTANT_CONVERSION = YES;
				CLANG_WARN_DEPRECATED_OBJC_IMPLEMENTATIONS = YES;
				CLANG_WARN_DIRECT_OBJC_ISA_USAGE = YES_ERROR;
				CLANG_WARN_DOCUMENTATION_COMMENTS = YES;
				CLANG_WARN_EMPTY_BODY = YES;
				CLANG_WARN_ENUM_CONVERSION = YES;
				CLANG_WARN_INFINITE_RECURSION = YES;
				CLANG_WARN_INT_CONVERSION = YES;
				CLANG_WARN_NON_LITERAL_NULL_CONVERSION = YES;
				CLANG_WARN_OBJC_IMPLICIT_RETAIN_SELF = YES;
				CLANG_WARN_OBJC_LITERAL_CONVERSION = YES;
				CLANG_WARN_OBJC_ROOT_CLASS = YES_ERROR;
				CLANG_WARN_RANGE_LOOP_ANALYSIS = YES;
				CLANG_WARN_STRICT_PROTOTYPES = YES;
				CLANG_WARN_SUSPICIOUS_MOVE = YES;
				CLANG_WARN_UNGUARDED_AVAILABILITY = YES_AGGRESSIVE;
				CLANG_WARN_UNREACHABLE_CODE = YES;
				CLANG_WARN__DUPLICATE_METHOD_MATCH = YES;
				CODE_SIGN_IDENTITY = "iPhone Developer";
				COPY_PHASE_STRIP = NO;
				DEBUG_INFORMATION_FORMAT = "dwarf-with-dsym";
				ENABLE_NS_ASSERTIONS = NO;
				ENABLE_STRICT_OBJC_MSGSEND = YES;
				GCC_C_LANGUAGE_STANDARD = gnu11;
				GCC_NO_COMMON_BLOCKS = YES;
				GCC_WARN_64_TO_32_BIT_CONVERSION = YES;
				GCC_WARN_ABOUT_RETURN_TYPE = YES_ERROR;
				GCC_WARN_UNDECLARED_SELECTOR = YES;
				GCC_WARN_UNINITIALIZED_AUTOS = YES_AGGRESSIVE;
				GCC_WARN_UNUSED_FUNCTION = YES;
				GCC_WARN_UNUSED_VARIABLE = YES;
				IPHONEOS_DEPLOYMENT_TARGET = 12.2;
				MTL_ENABLE_DEBUG_INFO = NO;
				MTL_FAST_MATH = YES;
				SDKROOT = iphoneos;
				SWIFT_COMPILATION_MODE = wholemodule;
				SWIFT_OPTIMIZATION_LEVEL = "-O";
				VALIDATE_PRODUCT = YES;
			};
			name = Release;
		};
		B3C42E4922704D7100025CDA /* Debug */ = {
			isa = XCBuildConfiguration;
			buildSettings = {
				ASSETCATALOG_COMPILER_APPICON_NAME = AppIcon;
				CODE_SIGN_STYLE = Automatic;
				DEVELOPMENT_TEAM = X4UC9B8S3E;
				INFOPLIST_FILE = myCV/Info.plist;
				LD_RUNPATH_SEARCH_PATHS = (
					"$(inherited)",
					"@executable_path/Frameworks",
				);
				PRODUCT_BUNDLE_IDENTIFIER = "medvedev-ma.myCV";
				PRODUCT_NAME = "$(TARGET_NAME)";
				SWIFT_VERSION = 5.0;
				TARGETED_DEVICE_FAMILY = 1;
			};
			name = Debug;
		};
		B3C42E4A22704D7100025CDA /* Release */ = {
			isa = XCBuildConfiguration;
			buildSettings = {
				ASSETCATALOG_COMPILER_APPICON_NAME = AppIcon;
				CODE_SIGN_STYLE = Automatic;
				DEVELOPMENT_TEAM = X4UC9B8S3E;
				INFOPLIST_FILE = myCV/Info.plist;
				LD_RUNPATH_SEARCH_PATHS = (
					"$(inherited)",
					"@executable_path/Frameworks",
				);
				PRODUCT_BUNDLE_IDENTIFIER = "medvedev-ma.myCV";
				PRODUCT_NAME = "$(TARGET_NAME)";
				SWIFT_VERSION = 5.0;
				TARGETED_DEVICE_FAMILY = 1;
			};
			name = Release;
		};
/* End XCBuildConfiguration section */

/* Begin XCConfigurationList section */
		B3C42E3122704D7000025CDA /* Build configuration list for PBXProject "myCV" */ = {
			isa = XCConfigurationList;
			buildConfigurations = (
				B3C42E4622704D7100025CDA /* Debug */,
				B3C42E4722704D7100025CDA /* Release */,
			);
			defaultConfigurationIsVisible = 0;
			defaultConfigurationName = Release;
		};
		B3C42E4822704D7100025CDA /* Build configuration list for PBXNativeTarget "myCV" */ = {
			isa = XCConfigurationList;
			buildConfigurations = (
				B3C42E4922704D7100025CDA /* Debug */,
				B3C42E4A22704D7100025CDA /* Release */,
			);
			defaultConfigurationIsVisible = 0;
			defaultConfigurationName = Release;
		};
/* End XCConfigurationList section */
	};
	rootObject = B3C42E2E22704D7000025CDA /* Project object */;
}
